
Microsoft Visual Studio Solution File, Format Version 12.00
# Visual Studio Version 17
VisualStudioVersion = 17.2.32616.157
MinimumVisualStudioVersion = 10.0.40219.1
Project("{FAE04EC0-301F-11D3-BF4B-00C04F79EFBC}") = "MorraCinese", "MorraCinese.csproj", "{6B2AA297-E27C-49C3-B193-558116BB120A}"
EndProject
Global
	GlobalSection(SolutionConfigurationPlatforms) = preSolution
		Debug|Any CPU = Debug|Any CPU
		Release|Any CPU = Release|Any CPU
	EndGlobalSection
	GlobalSection(ProjectConfigurationPlatforms) = postSolution
		{6B2AA297-E27C-49C3-B193-558116BB120A}.Debug|Any CPU.ActiveCfg = Debug|Any CPU
		{6B2AA297-E27C-49C3-B193-558116BB120A}.Debug|Any CPU.Build.0 = Debug|Any CPU
		{6B2AA297-E27C-49C3-B193-558116BB120A}.Release|Any CPU.ActiveCfg = Release|Any CPU
		{6B2AA297-E27C-49C3-B193-558116BB120A}.Release|Any CPU.Build.0 = Release|Any CPU
	EndGlobalSection
	GlobalSection(SolutionProperties) = preSolution
		HideSolutionNode = FALSE
	EndGlobalSection
	GlobalSection(ExtensibilityGlobals) = postSolution
		SolutionGuid = {2BAF71ED-C54C-4D57-9F85-DC598F7560F7}
	EndGlobalSection
EndGlobal
